dependencies:
  espressif/usb_host_cdc_acm:
    component_hash: 71f9ae30021b1edb6f42980eb151ab24d0b602b8463861569a151b5254ba1e4b
    dependencies:
    - name: idf
      require: private
      version: '>=5.0'
    - name: espressif/usb
      registry_url: https://components.espressif.com
      require: public
      rules:
      - if: idf_version >=6.0
      - if: target not in ["linux"]
      version: ^1.0.0
    source:
      registry_url: https://components.espressif.com/
      type: service
    targets:
    - esp32s2
    - esp32s3
    - esp32p4
    - esp32h4
    - linux
    version: 2.3.0
  idf:
    source:
      type: idf
    version: 5.5.2
direct_dependencies:
- espressif/usb_host_cdc_acm
- idf
manifest_hash: 22445459a9afac5a6873217e5452567e0b2454db30d55a4303f75a0138f995e5
target: esp32s3
version: 2.0.0
